
Microsoft Visual Studio Solution File, Format Version 12.00
# Visual Studio Version 17
VisualStudioVersion = 17.14.37111.16 d17.14
MinimumVisualStudioVersion = 10.0.40219.1
Project("{D2ABAB84-BF74-430A-B69E-9DC6D40DDA17}") = "ecommerce_Cube", "ecommerce_Cube\ecommerce_Cube.dwproj", "{8BA41677-3B66-6E07-000C-5DEDA9188AB7}"
EndProject
Global
	GlobalSection(SolutionConfigurationPlatforms) = preSolution
		Development|Default = Development|Default
	EndGlobalSection
	GlobalSection(ProjectConfigurationPlatforms) = postSolution
		{8BA41677-3B66-6E07-000C-5DEDA9188AB7}.Development|Default.ActiveCfg = Development
		{8BA41677-3B66-6E07-000C-5DEDA9188AB7}.Development|Default.Build.0 = Development
		{8BA41677-3B66-6E07-000C-5DEDA9188AB7}.Development|Default.Deploy.0 = Development
	EndGlobalSection
	GlobalSection(SolutionProperties) = preSolution
		HideSolutionNode = FALSE
	EndGlobalSection
	GlobalSection(ExtensibilityGlobals) = postSolution
		SolutionGuid = {74CB6821-857C-4DA1-9003-924EF694C7B8}
	EndGlobalSection
EndGlobal
